
Microsoft Visual Studio Solution File, Format Version 12.00
# Visual Studio Version 16
VisualStudioVersion = 16.0.29519.181
MinimumVisualStudioVersion = 10.0.40219.1
Project("{FAE04EC0-301F-11D3-BF4B-00C04F79EFBC}") = "CalculatorDemo", "CalculatorDemo\CalculatorDemo.csproj", "{62B3618C-0588-4BC7-BB12-F63C157A4623}"
EndProject
Project("{FAE04EC0-301F-11D3-BF4B-00C04F79EFBC}") = "Calculator.Tests.Features", "Calculator.Tests.Features\Calculator.Tests.Features.csproj", "{8BAD71CA-37EB-4CBD-BDCE-F301538ADE68}"
EndProject
Global
	GlobalSection(SolutionConfigurationPlatforms) = preSolution
		Debug|Any CPU = Debug|Any CPU
		Release|Any CPU = Release|Any CPU
	EndGlobalSection
	GlobalSection(ProjectConfigurationPlatforms) = postSolution
		{62B3618C-0588-4BC7-BB12-F63C157A4623}.Debug|Any CPU.ActiveCfg = Debug|Any CPU
		{62B3618C-0588-4BC7-BB12-F63C157A4623}.Debug|Any CPU.Build.0 = Debug|Any CPU
		{62B3618C-0588-4BC7-BB12-F63C157A4623}.Release|Any CPU.ActiveCfg = Release|Any CPU
		{62B3618C-0588-4BC7-BB12-F63C157A4623}.Release|Any CPU.Build.0 = Release|Any CPU
		{8BAD71CA-37EB-4CBD-BDCE-F301538ADE68}.Debug|Any CPU.ActiveCfg = Debug|Any CPU
		{8BAD71CA-37EB-4CBD-BDCE-F301538ADE68}.Debug|Any CPU.Build.0 = Debug|Any CPU
		{8BAD71CA-37EB-4CBD-BDCE-F301538ADE68}.Release|Any CPU.ActiveCfg = Release|Any CPU
		{8BAD71CA-37EB-4CBD-BDCE-F301538ADE68}.Release|Any CPU.Build.0 = Release|Any CPU
	EndGlobalSection
	GlobalSection(SolutionProperties) = preSolution
		HideSolutionNode = FALSE
	EndGlobalSection
	GlobalSection(ExtensibilityGlobals) = postSolution
		SolutionGuid = {FEF3D99D-5506-4F5B-ABD2-CCFADAE0D482}
	EndGlobalSection
EndGlobal
